
Microsoft Visual Studio Solution File, Format Version 12.00
# Visual Studio 15
VisualStudioVersion = 15.0.27428.2043
MinimumVisualStudioVersion = 10.0.40219.1
Project("{FAE04EC0-301F-11D3-BF4B-00C04F79EFBC}") = "parser", "parser\parser.csproj", "{181A1BC6-EB83-4056-A3C8-889F87886F63}"
EndProject
Project("{FAE04EC0-301F-11D3-BF4B-00C04F79EFBC}") = "test", "test\test.csproj", "{AC764BAE-2B2F-47C8-9463-D15B969F8AD3}"
EndProject
Global
	GlobalSection(SolutionConfigurationPlatforms) = preSolution
		Debug|Any CPU = Debug|Any CPU
		Release|Any CPU = Release|Any CPU
	EndGlobalSection
	GlobalSection(ProjectConfigurationPlatforms) = postSolution
		{181A1BC6-EB83-4056-A3C8-889F87886F63}.Debug|Any CPU.ActiveCfg = Debug|Any CPU
		{181A1BC6-EB83-4056-A3C8-889F87886F63}.Debug|Any CPU.Build.0 = Debug|Any CPU
		{181A1BC6-EB83-4056-A3C8-889F87886F63}.Release|Any CPU.ActiveCfg = Release|Any CPU
		{181A1BC6-EB83-4056-A3C8-889F87886F63}.Release|Any CPU.Build.0 = Release|Any CPU
		{AC764BAE-2B2F-47C8-9463-D15B969F8AD3}.Debug|Any CPU.ActiveCfg = Debug|Any CPU
		{AC764BAE-2B2F-47C8-9463-D15B969F8AD3}.Debug|Any CPU.Build.0 = Debug|Any CPU
		{AC764BAE-2B2F-47C8-9463-D15B969F8AD3}.Release|Any CPU.ActiveCfg = Release|Any CPU
		{AC764BAE-2B2F-47C8-9463-D15B969F8AD3}.Release|Any CPU.Build.0 = Release|Any CPU
	EndGlobalSection
	GlobalSection(SolutionProperties) = preSolution
		HideSolutionNode = FALSE
	EndGlobalSection
	GlobalSection(ExtensibilityGlobals) = postSolution
		SolutionGuid = {DA8A8D8E-641A-4644-977A-FCB1E99BF1C1}
	EndGlobalSection
EndGlobal
